<?xml version="1.0" encoding="utf-8"?>
<Project ToolsVersion="4.0" xmlns="http://schemas.microsoft.com/developer/msbuild/2003">
  <ItemGroup>
    <Filter Include="Source Files">
      <UniqueIdentifier>{100ff757-6f1f-4ca9-8cbb-18e026fc24c8}</UniqueIdentifier>
    </Filter>
    <Filter Include="Generated Files">
      <UniqueIdentifier>{3a4b8f2c-ccc8-49a8-8055-b49b13ef750a}</UniqueIdentifier>
      <SourceControlFiles>False</SourceControlFiles>
    </Filter>
  </ItemGroup>
  <ItemGroup>
    <None Include="InteropCppComps.def" />
  </ItemGroup>
  <ItemGroup>
    <ClCompile Include="InteropCppCom_i.c">
      <Filter>Generated Files</Filter>
    </ClCompile>
    <ClCompile Include="InteropCppCom_p.c">
      <Filter>Generated Files</Filter>
    </ClCompile>
    <ClCompile Include="dlldata.c">
      <Filter>Generated Files</Filter>
    </ClCompile>
  </ItemGroup>
</Project>